
Microsoft Visual Studio Solution File, Format Version 12.00
# Visual Studio 15
VisualStudioVersion = 15.0.26228.4
MinimumVisualStudioVersion = 10.0.40219.1
Project("{FAE04EC0-301F-11D3-BF4B-00C04F79EFBC}") = "SharpPcap抓包工具", "SharpPcap抓包工具\SharpPcap抓包工具.csproj", "{42377114-CD60-42C7-82B2-605C92F0C664}"
EndProject
Global
	GlobalSection(SolutionConfigurationPlatforms) = preSolution
		Debug|Any CPU = Debug|Any CPU
		Release|Any CPU = Release|Any CPU
	EndGlobalSection
	GlobalSection(ProjectConfigurationPlatforms) = postSolution
		{42377114-CD60-42C7-82B2-605C92F0C664}.Debug|Any CPU.ActiveCfg = Debug|Any CPU
		{42377114-CD60-42C7-82B2-605C92F0C664}.Debug|Any CPU.Build.0 = Debug|Any CPU
		{42377114-CD60-42C7-82B2-605C92F0C664}.Release|Any CPU.ActiveCfg = Release|Any CPU
		{42377114-CD60-42C7-82B2-605C92F0C664}.Release|Any CPU.Build.0 = Release|Any CPU
	EndGlobalSection
	GlobalSection(SolutionProperties) = preSolution
		HideSolutionNode = FALSE
	EndGlobalSection
EndGlobal
